[extras]
test = ["pytest", "pytest-asyncio", "pytest-celery", "pytest-cov", "pytest-depends", "pytest-lazy-fixture"]

[metadata]
content-hash = "523026666c4770d8bf71ba3c86d84ad50b67e9d5cff7768e1c5a7f2a716ee3e6"
lock-version = "1.1"
python-versions = "^3.8"

[metadata.files]
aiodocker = []
aiofiles = []
aiohttp = []
aioredis = []
aioredlock = []
aiosignal = []
amqp = []
appdirs = []
async-timeout = []
atomicwrites = []
attrs = []
billiard = []
black = []
boto3 = []
botocore = []
celery = []
certifi = []
cfgv = []
charset-normalizer = []
click = []
click-didyoumean = []
click-option-group = []
click-plugins = []
click-repl = []
colorama = []
coverage = []
deprecated = []
distlib = []
filelock = []
frozenlist = []
fs = []
fs-s3fs = []
ftfy = []
future-fstrings = []
gitignore-parser = []
hiredis = []
horse-python-client = []
identify = []
idna = []
iniconfig = []
jmespath = []
joj-elephant = []
kombu = []
loguru = []
mailchecker = []
msgpack = []
multidict = []
mypy-extensions = []
networkx = []
nodeenv = []
orjson = []
packaging = []
pathspec = []
patool = []
phonenumbers = []
platformdirs = []
pluggy = []
pre-commit = []
prompt-toolkit = []
psutil = []
py = []
pydantic = []
pydantic-universal-settings = []
pyparsing = []
pytest = []
pytest-asyncio = []
pytest-celery = []
pytest-cov = []
pytest-depends = []
pytest-lazy-fixture = []
python-benedict = []
python-dateutil = []
python-dotenv = []
python-fsutil = []
python-slugify = []
pytz = []
pyyaml = []
rarfile = []
redis = []
requests = []
s3transfer = []
six = []
tenacity = []
text-unidecode = []
toml = []
tomli = []
typing-extensions = []
urllib3 = []
uvloop = []
vine = []
virtualenv = []
watchgod = []
wcwidth = []
win32-setctime = []
wrapt = []
xmltodict = []
yarl = []

[[package]]
category = "main"
description = "Docker API client for asyncio"
name = "aiodocker"
optional = false
python-versions = ">=3.6"
version = "0.21.0"

[package.dependencies]
aiohttp = ">=3.6"
typing-extensions = ">=3.6.5"

[[package]]
category = "main"
description = "File support for asyncio."
name = "aiofiles"
optional = false
python-versions = ">=3.6,<4.0"
version = "0.7.0"

[[package]]
category = "main"
description = "Async http client/server framework (asyncio)"
name = "aiohttp"
optional = false
python-versions = ">=3.6"
version = "3.8.1"

[package.dependencies]
aiosignal = ">=1.1.2"
async-timeout = ">=4.0.0a3,<5.0"
attrs = ">=17.3.0"
charset-normalizer = ">=2.0,<3.0"
frozenlist = ">=1.1.1"
multidict = ">=4.5,<7.0"
yarl = ">=1.0,<2.0"

[package.extras]
speedups = ["aiodns", "brotli", "cchardet"]

[[package]]
category = "main"
description = "asyncio (PEP 3156) Redis support"
name = "aioredis"
optional = false
python-versions = "*"
version = "1.3.1"

[package.dependencies]
async-timeout = "*"
hiredis = "*"

[[package]]
category = "main"
description = "Asyncio implemetation of Redis distributed locks"
name = "aioredlock"
optional = false
python-versions = ">=3.6"
version = "0.7.3"

[package.dependencies]
aioredis = "<2.0.0"
attrs = ">=17.4.0"

[package.extras]
cicd = ["codecov"]
examples = ["aiodocker"]
package = ["bump2version", "twine", "wheel"]
test = ["pytest (==6.1.0)", "pytest-asyncio", "pytest-mock", "pytest-cov", "flake8"]

[[package]]
category = "main"
description = "aiosignal: a list of registered asynchronous callbacks"
name = "aiosignal"
optional = false
python-versions = ">=3.6"
version = "1.2.0"

[package.dependencies]
frozenlist = ">=1.1.0"

[[package]]
category = "main"
description = "Low-level AMQP client for Python (fork of amqplib)."
name = "amqp"
optional = false
python-versions = ">=3.6"
version = "5.0.9"

[package.dependencies]
vine = "5.0.0"

[[package]]
category = "main"
description = "A small Python module for determining appropriate platform-specific dirs, e.g. a \"user data dir\"."
name = "appdirs"
optional = false
python-versions = "*"
version = "1.4.4"

[[package]]
category = "main"
description = "Timeout context manager for asyncio programs"
name = "async-timeout"
optional = false
python-versions = ">=3.6"
version = "4.0.2"

[[package]]
category = "main"
description = "Atomic file writes."
name = "atomicwrites"
optional = true
python-versions = ">=2.7, !=3.0.*, !=3.1.*, !=3.2.*, !=3.3.*"
version = "1.4.0"

[[package]]
category = "main"
description = "Classes Without Boilerplate"
name = "attrs"
optional = false
python-versions = ">=2.7, !=3.0.*, !=3.1.*, !=3.2.*, !=3.3.*, !=3.4.*"
version = "21.4.0"

[package.extras]
dev = ["coverage[toml] (>=5.0.2)", "hypothesis", "pympler", "pytest (>=4.3.0)", "six", "mypy", "pytest-mypy-plugins", "zope.interface", "furo", "sphinx", "sphinx-notfound-page", "pre-commit", "cloudpickle"]
docs = ["furo", "sphinx", "zope.interface", "sphinx-notfound-page"]
tests = ["coverage[toml] (>=5.0.2)", "hypothesis", "pympler", "pytest (>=4.3.0)", "six", "mypy", "pytest-mypy-plugins", "zope.interface", "cloudpickle"]
tests_no_zope = ["coverage[toml] (>=5.0.2)", "hypothesis", "pympler", "pytest (>=4.3.0)", "six", "mypy", "pytest-mypy-plugins", "cloudpickle"]

[[package]]
category = "main"
description = "Python multiprocessing fork with improvements and bugfixes"
name = "billiard"
optional = false
python-versions = "*"
version = "3.6.4.0"

[[package]]
category = "dev"
description = "The uncompromising code formatter."
name = "black"
optional = false
python-versions = ">=3.6.2"
version = "22.1.0"

[package.dependencies]
click = ">=8.0.0"
mypy-extensions = ">=0.4.3"
pathspec = ">=0.9.0"
platformdirs = ">=2"
tomli = ">=1.1.0"
typing-extensions = {version = ">=3.10.0.0", markers = "python_version < \"3.10\""}

[package.extras]
colorama = ["colorama (>=0.4.3)"]
d = ["aiohttp (>=3.7.4)"]
jupyter = ["ipython (>=7.8.0)", "tokenize-rt (>=3.2.0)"]
uvloop = ["uvloop (>=0.15.2)"]

[[package]]
category = "main"
description = "The AWS SDK for Python"
name = "boto3"
optional = false
python-versions = ">= 3.6"
version = "1.21.3"

[package.dependencies]
botocore = ">=1.24.3,<1.25.0"
jmespath = ">=0.7.1,<1.0.0"
s3transfer = ">=0.5.0,<0.6.0"

[package.extras]
crt = ["botocore[crt] (>=1.21.0,<2.0a0)"]

[[package]]
category = "main"
description = "Low-level, data-driven core of boto 3."
name = "botocore"
optional = false
python-versions = ">= 3.6"
version = "1.24.3"

[package.dependencies]
jmespath = ">=0.7.1,<1.0.0"
python-dateutil = ">=2.1,<3.0.0"
urllib3 = ">=1.25.4,<1.27"

[package.extras]
crt = ["awscrt (==0.12.5)"]

[[package]]
category = "main"
description = "Distributed Task Queue."
name = "celery"
optional = false
python-versions = ">=3.7,"
version = "5.2.3"

[package.dependencies]
billiard = ">=3.6.4.0,<4.0"
click = ">=8.0.3,<9.0"
click-didyoumean = ">=0.0.3"
click-plugins = ">=1.1.1"
click-repl = ">=0.2.0"
kombu = ">=5.2.3,<6.0"
pytz = ">=2021.3"
redis = {version = ">=3.4.1,<4.0.0 || >4.0.0,<4.0.1 || >4.0.1", optional = true, markers = "extra == \"redis\""}
vine = ">=5.0.0,<6.0"

[package.extras]
arangodb = ["pyArango (>=1.3.2)"]
auth = ["cryptography"]
azureblockblob = ["azure-storage-blob (==12.9.0)"]
brotli = ["brotli (>=1.0.0)", "brotlipy (>=0.7.0)"]
cassandra = ["cassandra-driver (<3.21.0)"]
consul = ["python-consul2"]
cosmosdbsql = ["pydocumentdb (==2.3.2)"]
couchbase = ["couchbase (>=3.0.0)"]
couchdb = ["pycouchdb"]
django = ["Django (>=1.11)"]
dynamodb = ["boto3 (>=1.9.178)"]
elasticsearch = ["elasticsearch"]
eventlet = ["eventlet (>=0.32.0)"]
gevent = ["gevent (>=1.5.0)"]
librabbitmq = ["librabbitmq (>=1.5.0)"]
memcache = ["pylibmc"]
mongodb = ["pymongo[srv] (>=3.11.1)"]
msgpack = ["msgpack"]
pymemcache = ["python-memcached"]
pyro = ["pyro4"]
pytest = ["pytest-celery"]
redis = ["redis (>=3.4.1,!=4.0.0,!=4.0.1)"]
s3 = ["boto3 (>=1.9.125)"]
slmq = ["softlayer-messaging (>=1.0.3)"]
solar = ["ephem"]
sqlalchemy = ["sqlalchemy"]
sqs = ["kombu"]
tblib = ["tblib (>=1.3.0)", "tblib (>=1.5.0)"]
yaml = ["PyYAML (>=3.10)"]
zookeeper = ["kazoo (>=1.3.1)"]
zstd = ["zstandard"]

[[package]]
category = "main"
description = "Python package for providing Mozilla's CA Bundle."
name = "certifi"
optional = false
python-versions = ">=3.6"
version = "2022.12.7"

[[package]]
category = "dev"
description = "Validate configuration and produce human readable error messages."
name = "cfgv"
optional = false
python-versions = ">=3.6.1"
version = "3.3.1"

[[package]]
category = "main"
description = "The Real First Universal Charset Detector. Open, modern and actively maintained alternative to Chardet."
name = "charset-normalizer"
optional = false
python-versions = ">=3.5.0"
version = "2.0.12"

[package.extras]
unicode_backport = ["unicodedata2"]

[[package]]
category = "main"
description = "Composable command line interface toolkit"
name = "click"
optional = false
python-versions = ">=3.6"
version = "8.0.4"

[package.dependencies]
colorama = {version = "*", markers = "platform_system == \"Windows\""}

[[package]]
category = "main"
description = "Enables git-like *did-you-mean* feature in click"
name = "click-didyoumean"
optional = false
python-versions = ">=3.6.2,<4.0.0"
version = "0.3.0"

[package.dependencies]
click = ">=7"

[[package]]
category = "main"
description = "Option groups missing in Click"
name = "click-option-group"
optional = false
python-versions = ">=3.6,<4"
version = "0.5.3"

[package.dependencies]
Click = ">=7.0,<9"

[package.extras]
docs = ["sphinx (>=2.3,<3)", "pallets-sphinx-themes", "m2r"]
tests = ["coverage (<6)", "pytest", "pytest-cov", "coveralls"]

[[package]]
category = "main"
description = "An extension module for click to enable registering CLI commands via setuptools entry-points."
name = "click-plugins"
optional = false
python-versions = "*"
version = "1.1.1"

[package.dependencies]
click = ">=4.0"

[package.extras]
dev = ["pytest (>=3.6)", "pytest-cov", "wheel", "coveralls"]

[[package]]
category = "main"
description = "REPL plugin for Click"
name = "click-repl"
optional = false
python-versions = "*"
version = "0.2.0"

[package.dependencies]
click = "*"
prompt-toolkit = "*"
six = "*"

[[package]]
category = "main"
description = "Cross-platform colored terminal text."
name = "colorama"
optional = false
python-versions = ">=2.7, !=3.0.*, !=3.1.*, !=3.2.*, !=3.3.*, !=3.4.*"
version = "0.4.4"

[[package]]
category = "main"
description = "Code coverage measurement for Python"
name = "coverage"
optional = true
python-versions = ">=3.7"
version = "6.3.1"

[package.extras]
toml = ["tomli"]

[[package]]
category = "main"
description = "Python @deprecated decorator to deprecate old python classes, functions or methods."
name = "deprecated"
optional = false
python-versions = ">=2.7, !=3.0.*, !=3.1.*, !=3.2.*, !=3.3.*"
version = "1.2.13"

[package.dependencies]
wrapt = ">=1.10,<2"

[package.extras]
dev = ["tox", "bump2version (<1)", "sphinx (<2)", "importlib-metadata (<3)", "importlib-resources (<4)", "configparser (<5)", "sphinxcontrib-websupport (<2)", "zipp (<2)", "PyTest (<5)", "PyTest-Cov (<2.6)", "pytest", "pytest-cov"]

[[package]]
category = "dev"
description = "Distribution utilities"
name = "distlib"
optional = false
python-versions = "*"
version = "0.3.4"

[[package]]
category = "dev"
description = "A platform independent file lock."
name = "filelock"
optional = false
python-versions = ">=3.7"
version = "3.6.0"

[package.extras]
docs = ["furo (>=2021.8.17b43)", "sphinx (>=4.1)", "sphinx-autodoc-typehints (>=1.12)"]
testing = ["covdefaults (>=1.2.0)", "coverage (>=4)", "pytest (>=4)", "pytest-cov", "pytest-timeout (>=1.4.2)"]

[[package]]
category = "main"
description = "A list-like structure which implements collections.abc.MutableSequence"
name = "frozenlist"
optional = false
python-versions = ">=3.7"
version = "1.3.0"

[[package]]
category = "main"
description = "Python's filesystem abstraction layer"
name = "fs"
optional = false
python-versions = "*"
version = "2.4.15"

[package.dependencies]
appdirs = ">=1.4.3,<1.5.0"
pytz = "*"
six = ">=1.10,<2.0"

[package.extras]
scandir = ["scandir (>=1.5,<2.0)"]

[[package]]
category = "main"
description = "Amazon S3 filesystem for PyFilesystem2"
name = "fs-s3fs"
optional = false
python-versions = "*"
version = "1.1.1"

[package.dependencies]
boto3 = ">=1.9,<2.0"
fs = ">=2.4,<3.0"
six = ">=1.10,<2.0"

[[package]]
category = "main"
description = "Fixes mojibake and other problems with Unicode, after the fact"
name = "ftfy"
optional = false
python-versions = ">=3.7,<4"
version = "6.1.1"

[package.dependencies]
wcwidth = ">=0.2.5"

[[package]]
category = "main"
description = "A backport of fstrings to python<3.6"
name = "future-fstrings"
optional = true
python-versions = ">=2.7, !=3.0.*, !=3.1.*, !=3.2.*, !=3.3.*"
version = "1.2.0"

[package.extras]
rewrite = ["tokenize-rt (>=3)"]

[[package]]
category = "main"
description = "A spec-compliant gitignore parser for Python 3.5+"
name = "gitignore-parser"
optional = false
python-versions = "*"
version = "0.0.8"

[[package]]
category = "main"
description = "Python wrapper for hiredis"
name = "hiredis"
optional = false
python-versions = ">=3.6"
version = "2.0.0"

[[package]]
category = "main"
description = ""
develop = false
name = "horse-python-client"
optional = false
python-versions = "*"
version = "1.0.0"

[package.dependencies]
aiohttp = "*"
certifi = "*"
python-dateutil = "*"
six = ">=1.10"
urllib3 = ">=1.15"

[package.source]
reference = "master"
resolved_reference = "1e5c4a536d6cc448abb7972f891847f3f358a85d"
type = "git"
url = "https://github.com/joint-online-judge/horse-python-client.git"

[[package]]
category = "dev"
description = "File identification library for Python"
name = "identify"
optional = false
python-versions = ">=3.7"
version = "2.4.10"

[package.extras]
license = ["ukkonen"]

[[package]]
category = "main"
description = "Internationalized Domain Names in Applications (IDNA)"
name = "idna"
optional = false
python-versions = ">=3.5"
version = "3.3"

[[package]]
category = "main"
description = "iniconfig: brain-dead simple config-ini parsing"
name = "iniconfig"
optional = true
python-versions = "*"
version = "1.1.1"

[[package]]
category = "main"
description = "JSON Matching Expressions"
name = "jmespath"
optional = false
python-versions = ">=2.6, !=3.0.*, !=3.1.*, !=3.2.*"
version = "0.10.0"

[[package]]
category = "main"
description = "JOJ Problem Config Middleware"
develop = false
name = "joj-elephant"
optional = false
python-versions = "^3.8"
version = "0.1.0"

[package.dependencies]
aiofiles = "^0.7.0"
fs = "^2.4.13"
fs-s3fs = "^1.1.1"
gitignore-parser = "^0.0.8"
loguru = "^0.5.3"
orjson = "^3.6.7"
patool = "^1.12"
pydantic = {version = "^1.8.2", extras = ["dotenv"]}
rarfile = "^4.0"

[package.extras]
test = ["asynctest (>=0.13.0,<0.14.0)", "coverage (>=5.5,<6.0)", "pytest (>=6.2.5,<7.0.0)", "pytest-asyncio (>=0.15.1,<0.16.0)", "pytest-cov (>=2.12.1,<3.0.0)", "pytest-depends (>=1.0.1,<2.0.0)", "pytest-lazy-fixture (>=0.6.3,<0.7.0)", "lakefs-client (>=0.55.0,<0.56.0)"]

[package.source]
reference = "master"
resolved_reference = "e66f7b40de12b85efce8513760413765cc853e61"
type = "git"
url = "https://github.com/joint-online-judge/elephant.git"

[[package]]
category = "main"
description = "Messaging library for Python."
name = "kombu"
optional = false
python-versions = ">=3.7"
version = "5.2.3"

[package.dependencies]
amqp = ">=5.0.9,<6.0.0"
vine = "*"

[package.extras]
azureservicebus = ["azure-servicebus (>=7.0.0)"]
azurestoragequeues = ["azure-storage-queue"]
consul = ["python-consul (>=0.6.0)"]
librabbitmq = ["librabbitmq (>=2.0.0)"]
mongodb = ["pymongo (>=3.3.0,<3.12.1)"]
msgpack = ["msgpack"]
pyro = ["pyro4"]
qpid = ["qpid-python (>=0.26)", "qpid-tools (>=0.26)"]
redis = ["redis (>=3.4.1,!=4.0.0,!=4.0.1)"]
slmq = ["softlayer-messaging (>=1.0.3)"]
sqlalchemy = ["sqlalchemy"]
sqs = ["boto3 (>=1.9.12)", "pycurl (>=7.44.1,<7.45.0)", "urllib3 (>=1.26.7)"]
yaml = ["PyYAML (>=3.10)"]
zookeeper = ["kazoo (>=1.3.1)"]

[[package]]
category = "main"
description = "Python logging made (stupidly) simple"
name = "loguru"
optional = false
python-versions = ">=3.5"
version = "0.5.3"

[package.dependencies]
colorama = {version = ">=0.3.4", markers = "sys_platform == \"win32\""}
win32-setctime = {version = ">=1.0.0", markers = "sys_platform == \"win32\""}

[package.extras]
dev = ["codecov (>=2.0.15)", "colorama (>=0.3.4)", "flake8 (>=3.7.7)", "tox (>=3.9.0)", "tox-travis (>=0.12)", "pytest (>=4.6.2)", "pytest-cov (>=2.7.1)", "Sphinx (>=2.2.1)", "sphinx-autobuild (>=0.7.1)", "sphinx-rtd-theme (>=0.4.3)", "black (>=19.10b0)", "isort (>=5.1.1)"]

[[package]]
category = "main"
description = "Cross-language email validation. Backed by a database of thousands throwable email providers."
name = "mailchecker"
optional = false
python-versions = "*"
version = "4.1.12"

[[package]]
category = "main"
description = "MessagePack (de)serializer."
name = "msgpack"
optional = false
python-versions = "*"
version = "1.0.3"

[[package]]
category = "main"
description = "multidict implementation"
name = "multidict"
optional = false
python-versions = ">=3.7"
version = "6.0.2"

[[package]]
category = "dev"
description = "Experimental type system extensions for programs checked with the mypy typechecker."
name = "mypy-extensions"
optional = false
python-versions = "*"
version = "0.4.3"

[[package]]
category = "main"
description = "Python package for creating and manipulating graphs and networks"
name = "networkx"
optional = true
python-versions = ">=3.7"
version = "2.6.3"

[package.extras]
default = ["numpy (>=1.19)", "scipy (>=1.5,!=1.6.1)", "matplotlib (>=3.3)", "pandas (>=1.1)"]
developer = ["black (==21.5b1)", "pre-commit (>=2.12)"]
doc = ["sphinx (>=4.0,<5.0)", "pydata-sphinx-theme (>=0.6,<1.0)", "sphinx-gallery (>=0.9,<1.0)", "numpydoc (>=1.1)", "pillow (>=8.2)", "nb2plots (>=0.6)", "texext (>=0.6.6)"]
extra = ["lxml (>=4.5)", "pygraphviz (>=1.7)", "pydot (>=1.4.1)"]
test = ["pytest (>=6.2)", "pytest-cov (>=2.12)", "codecov (>=2.1)"]

[[package]]
category = "dev"
description = "Node.js virtual environment builder"
name = "nodeenv"
optional = false
python-versions = "*"
version = "1.6.0"

[[package]]
category = "main"
description = "Fast, correct Python JSON library supporting dataclasses, datetimes, and numpy"
name = "orjson"
optional = false
python-versions = ">=3.7"
version = "3.6.8"

[[package]]
category = "main"
description = "Core utilities for Python packages"
name = "packaging"
optional = false
python-versions = ">=3.6"
version = "21.3"

[package.dependencies]
pyparsing = ">=2.0.2,<3.0.5 || >3.0.5"

[[package]]
category = "dev"
description = "Utility library for gitignore style pattern matching of file paths."
name = "pathspec"
optional = false
python-versions = "!=3.0.*,!=3.1.*,!=3.2.*,!=3.3.*,!=3.4.*,>=2.7"
version = "0.9.0"

[[package]]
category = "main"
description = "portable archive file manager"
name = "patool"
optional = false
python-versions = "*"
version = "1.12"

[[package]]
category = "main"
description = "Python version of Google's common library for parsing, formatting, storing and validating international phone numbers."
name = "phonenumbers"
optional = false
python-versions = "*"
version = "8.12.43"

[[package]]
category = "dev"
description = "A small Python module for determining appropriate platform-specific dirs, e.g. a \"user data dir\"."
name = "platformdirs"
optional = false
python-versions = ">=3.7"
version = "2.5.0"

[package.extras]
docs = ["Sphinx (>=4)", "furo (>=2021.7.5b38)", "proselint (>=0.10.2)", "sphinx-autodoc-typehints (>=1.12)"]
test = ["appdirs (==1.4.4)", "pytest (>=6)", "pytest-cov (>=2.7)", "pytest-mock (>=3.6)"]

[[package]]
category = "main"
description = "plugin and hook calling mechanisms for python"
name = "pluggy"
optional = true
python-versions = ">=3.6"
version = "1.0.0"

[package.extras]
dev = ["pre-commit", "tox"]
testing = ["pytest", "pytest-benchmark"]

[[package]]
category = "dev"
description = "A framework for managing and maintaining multi-language pre-commit hooks."
name = "pre-commit"
optional = false
python-versions = ">=3.6.1"
version = "2.17.0"

[package.dependencies]
cfgv = ">=2.0.0"
identify = ">=1.0.0"
nodeenv = ">=0.11.1"
pyyaml = ">=5.1"
toml = "*"
virtualenv = ">=20.0.8"

[[package]]
category = "main"
description = "Library for building powerful interactive command lines in Python"
name = "prompt-toolkit"
optional = false
python-versions = ">=3.6.2"
version = "3.0.28"

[package.dependencies]
wcwidth = "*"

[[package]]
category = "main"
description = "Cross-platform lib for process and system monitoring in Python."
name = "psutil"
optional = false
python-versions = ">=2.6, !=3.0.*, !=3.1.*, !=3.2.*, !=3.3.*"
version = "5.9.0"

[package.extras]
test = ["ipaddress", "mock", "unittest2", "enum34", "pywin32", "wmi"]

[[package]]
category = "main"
description = "library with cross-python path, ini-parsing, io, code, log facilities"
name = "py"
optional = true
python-versions = ">=2.7, !=3.0.*, !=3.1.*, !=3.2.*, !=3.3.*, !=3.4.*"
version = "1.11.0"

[[package]]
category = "main"
description = "Data validation and settings management using python type hints"
name = "pydantic"
optional = false
python-versions = ">=3.7"
version = "1.10.4"

[package.dependencies]
python-dotenv = {version = ">=0.10.4", optional = true, markers = "extra == \"dotenv\""}
typing-extensions = ">=4.2.0"

[package.extras]
dotenv = ["python-dotenv (>=0.10.4)"]
email = ["email-validator (>=1.0.3)"]

[[package]]
category = "main"
description = ""
name = "pydantic-universal-settings"
optional = false
python-versions = ">=3.6.2,<4.0.0"
version = "0.1.5"

[package.dependencies]
click-option-group = ">=0.5.3,<0.6.0"
psutil = ">=5.8.0,<6.0.0"
pydantic = {version = ">=1.8.2,<2.0.0", extras = ["dotenv"]}

[[package]]
category = "main"
description = "Python parsing module"
name = "pyparsing"
optional = false
python-versions = ">=3.6"
version = "3.0.7"

[package.extras]
diagrams = ["jinja2", "railroad-diagrams"]

[[package]]
category = "main"
description = "pytest: simple powerful testing with Python"
name = "pytest"
optional = true
python-versions = ">=3.6"
version = "6.2.5"

[package.dependencies]
atomicwrites = {version = ">=1.0", markers = "sys_platform == \"win32\""}
attrs = ">=19.2.0"
colorama = {version = "*", markers = "sys_platform == \"win32\""}
iniconfig = "*"
packaging = "*"
pluggy = ">=0.12,<2.0"
py = ">=1.8.2"
toml = "*"

[package.extras]
testing = ["argcomplete", "hypothesis (>=3.56)", "mock", "nose", "requests", "xmlschema"]

[[package]]
category = "main"
description = "Pytest support for asyncio."
name = "pytest-asyncio"
optional = true
python-versions = ">= 3.6"
version = "0.15.1"

[package.dependencies]
pytest = ">=5.4.0"

[package.extras]
testing = ["coverage", "hypothesis (>=5.7.1)"]

[[package]]
category = "main"
description = "pytest-celery a shim pytest plugin to enable celery.contrib.pytest"
name = "pytest-celery"
optional = true
python-versions = "*"
version = "0.0.0"

[package.dependencies]
celery = ">=4.4.0"

[[package]]
category = "main"
description = "Pytest plugin for measuring coverage."
name = "pytest-cov"
optional = true
python-versions = ">=2.7, !=3.0.*, !=3.1.*, !=3.2.*, !=3.3.*, !=3.4.*"
version = "2.12.1"

[package.dependencies]
coverage = ">=5.2.1"
pytest = ">=4.6"
toml = "*"

[package.extras]
testing = ["fields", "hunter", "process-tests", "six", "pytest-xdist", "virtualenv"]

[[package]]
category = "main"
description = "Tests that depend on other tests"
name = "pytest-depends"
optional = true
python-versions = "*"
version = "1.0.1"

[package.dependencies]
colorama = "*"
future-fstrings = "*"
networkx = "*"
pytest = ">=3"

[[package]]
category = "main"
description = "It helps to use fixtures in pytest.mark.parametrize"
name = "pytest-lazy-fixture"
optional = true
python-versions = "*"
version = "0.6.3"

[package.dependencies]
pytest = ">=3.2.5"

[[package]]
category = "main"
description = "python-benedict is a dict subclass with keylist/keypath support, normalized I/O operations (base64, csv, ini, json, pickle, plist, query-string, toml, xml, yaml) and many utilities... for humans, obviously."
name = "python-benedict"
optional = false
python-versions = "*"
version = "0.24.3"

[package.dependencies]
ftfy = {version = "*", markers = "python_version >= \"3.6\""}
mailchecker = "*"
phonenumbers = "*"
python-dateutil = "*"
python-fsutil = "*"
python-slugify = "*"
pyyaml = "*"
requests = "*"
six = "*"
toml = "*"
xmltodict = "*"

[[package]]
category = "main"
description = "Extensions to the standard Python datetime module"
name = "python-dateutil"
optional = false
python-versions = "!=3.0.*,!=3.1.*,!=3.2.*,>=2.7"
version = "2.8.2"

[package.dependencies]
six = ">=1.5"

[[package]]
category = "main"
description = "Read key-value pairs from a .env file and set them as environment variables"
name = "python-dotenv"
optional = false
python-versions = ">=3.5"
version = "0.19.2"

[package.extras]
cli = ["click (>=5.0)"]

[[package]]
category = "main"
description = "file-system utilities for lazy devs."
name = "python-fsutil"
optional = false
python-versions = "*"
version = "0.6.0"

[[package]]
category = "main"
description = "A Python slugify application that also handles Unicode"
name = "python-slugify"
optional = false
python-versions = ">=2.7, !=3.0.*, !=3.1.*, !=3.2.*, !=3.3.*, !=3.4.*, !=3.5.*"
version = "6.0.1"

[package.dependencies]
text-unidecode = ">=1.3"

[package.extras]
unidecode = ["Unidecode (>=1.1.1)"]

[[package]]
category = "main"
description = "World timezone definitions, modern and historical"
name = "pytz"
optional = false
python-versions = "*"
version = "2021.3"

[[package]]
category = "main"
description = "YAML parser and emitter for Python"
name = "pyyaml"
optional = false
python-versions = ">=3.6"
version = "6.0"

[[package]]
category = "main"
description = "RAR archive reader for Python"
name = "rarfile"
optional = false
python-versions = "*"
version = "4.0"

[[package]]
category = "main"
description = "Python client for Redis database and key-value store"
name = "redis"
optional = false
python-versions = ">=3.6"
version = "4.1.4"

[package.dependencies]
deprecated = ">=1.2.3"
packaging = ">=20.4"

[package.extras]
hiredis = ["hiredis (>=1.0.0)"]
ocsp = ["cryptography (>=36.0.1)", "pyopenssl (==20.0.1)", "requests (>=2.26.0)"]

[[package]]
category = "main"
description = "Python HTTP for Humans."
name = "requests"
optional = false
python-versions = ">=2.7, !=3.0.*, !=3.1.*, !=3.2.*, !=3.3.*, !=3.4.*, !=3.5.*"
version = "2.27.1"

[package.dependencies]
certifi = ">=2017.4.17"
charset-normalizer = {version = ">=2.0.0,<2.1.0", markers = "python_version >= \"3\""}
idna = {version = ">=2.5,<4", markers = "python_version >= \"3\""}
urllib3 = ">=1.21.1,<1.27"

[package.extras]
socks = ["PySocks (>=1.5.6,!=1.5.7)", "win-inet-pton"]
use_chardet_on_py3 = ["chardet (>=3.0.2,<5)"]

[[package]]
category = "main"
description = "An Amazon S3 Transfer Manager"
name = "s3transfer"
optional = false
python-versions = ">= 3.6"
version = "0.5.1"

[package.dependencies]
botocore = ">=1.12.36,<2.0a.0"

[package.extras]
crt = ["botocore[crt] (>=1.20.29,<2.0a.0)"]

[[package]]
category = "main"
description = "Python 2 and 3 compatibility utilities"
name = "six"
optional = false
python-versions = ">=2.7, !=3.0.*, !=3.1.*, !=3.2.*"
version = "1.16.0"

[[package]]
category = "main"
description = "Retry code until it succeeds"
name = "tenacity"
optional = false
python-versions = ">=3.6"
version = "8.0.1"

[package.extras]
doc = ["reno", "sphinx", "tornado (>=4.5)"]

[[package]]
category = "main"
description = "The most basic Text::Unidecode port"
name = "text-unidecode"
optional = false
python-versions = "*"
version = "1.3"

[[package]]
category = "main"
description = "Python Library for Tom's Obvious, Minimal Language"
name = "toml"
optional = false
python-versions = ">=2.6, !=3.0.*, !=3.1.*, !=3.2.*"
version = "0.10.2"

[[package]]
category = "dev"
description = "A lil' TOML parser"
name = "tomli"
optional = false
python-versions = ">=3.7"
version = "2.0.1"

[[package]]
category = "main"
description = "Backported and Experimental Type Hints for Python 3.7+"
name = "typing-extensions"
optional = false
python-versions = ">=3.7"
version = "4.4.0"

[[package]]
category = "main"
description = "HTTP library with thread-safe connection pooling, file post, and more."
name = "urllib3"
optional = false
python-versions = ">=2.7, !=3.0.*, !=3.1.*, !=3.2.*, !=3.3.*, !=3.4.*, <4"
version = "1.26.8"

[package.extras]
brotli = ["brotlipy (>=0.6.0)"]
secure = ["pyOpenSSL (>=0.14)", "cryptography (>=1.3.4)", "idna (>=2.0.0)", "certifi", "ipaddress"]
socks = ["PySocks (>=1.5.6,!=1.5.7,<2.0)"]

[[package]]
category = "main"
description = "Fast implementation of asyncio event loop on top of libuv"
name = "uvloop"
optional = false
python-versions = ">=3.7"
version = "0.16.0"

[package.extras]
dev = ["Cython (>=0.29.24,<0.30.0)", "pytest (>=3.6.0)", "Sphinx (>=4.1.2,<4.2.0)", "sphinxcontrib-asyncio (>=0.3.0,<0.4.0)", "sphinx-rtd-theme (>=0.5.2,<0.6.0)", "aiohttp", "flake8 (>=3.9.2,<3.10.0)", "psutil", "pycodestyle (>=2.7.0,<2.8.0)", "pyOpenSSL (>=19.0.0,<19.1.0)", "mypy (>=0.800)"]
docs = ["Sphinx (>=4.1.2,<4.2.0)", "sphinxcontrib-asyncio (>=0.3.0,<0.4.0)", "sphinx-rtd-theme (>=0.5.2,<0.6.0)"]
test = ["aiohttp", "flake8 (>=3.9.2,<3.10.0)", "psutil", "pycodestyle (>=2.7.0,<2.8.0)", "pyOpenSSL (>=19.0.0,<19.1.0)", "mypy (>=0.800)"]

[[package]]
category = "main"
description = "Promises, promises, promises."
name = "vine"
optional = false
python-versions = ">=3.6"
version = "5.0.0"

[[package]]
category = "dev"
description = "Virtual Python Environment builder"
name = "virtualenv"
optional = false
python-versions = "!=3.0.*,!=3.1.*,!=3.2.*,!=3.3.*,!=3.4.*,>=2.7"
version = "20.13.1"

[package.dependencies]
distlib = ">=0.3.1,<1"
filelock = ">=3.2,<4"
platformdirs = ">=2,<3"
six = ">=1.9.0,<2"

[package.extras]
docs = ["proselint (>=0.10.2)", "sphinx (>=3)", "sphinx-argparse (>=0.2.5)", "sphinx-rtd-theme (>=0.4.3)", "towncrier (>=21.3)"]
testing = ["coverage (>=4)", "coverage-enable-subprocess (>=1)", "flaky (>=3)", "pytest (>=4)", "pytest-env (>=0.6.2)", "pytest-freezegun (>=0.4.1)", "pytest-mock (>=2)", "pytest-randomly (>=1)", "pytest-timeout (>=1)", "packaging (>=20.0)"]

[[package]]
category = "main"
description = "Simple, modern file watching and code reload in python."
name = "watchgod"
optional = false
python-versions = ">=3.5"
version = "0.7"

[[package]]
category = "main"
description = "Measures the displayed width of unicode strings in a terminal"
name = "wcwidth"
optional = false
python-versions = "*"
version = "0.2.5"

[[package]]
category = "main"
description = "A small Python utility to set file creation time on Windows"
name = "win32-setctime"
optional = false
python-versions = ">=3.5"
version = "1.1.0"

[package.extras]
dev = ["pytest (>=4.6.2)", "black (>=19.3b0)"]

[[package]]
category = "main"
description = "Module for decorators, wrappers and monkey patching."
name = "wrapt"
optional = false
python-versions = "!=3.0.*,!=3.1.*,!=3.2.*,!=3.3.*,!=3.4.*,>=2.7"
version = "1.13.3"

[[package]]
category = "main"
description = "Makes working with XML feel like you are working with JSON"
name = "xmltodict"
optional = false
python-versions = ">=2.7, !=3.0.*, !=3.1.*, !=3.2.*, !=3.3.*"
version = "0.12.0"

[[package]]
category = "main"
description = "Yet another URL library"
name = "yarl"
optional = false
python-versions = ">=3.6"
version = "1.7.2"

[package.dependencies]
idna = ">=2.0"
multidict = ">=4.0"
